# This file was autogenerated by Stack.
# You should not edit this file by hand.
# For more information, please see the documentation at:
#   https://docs.haskellstack.org/en/stable/lock_files

packages:
- completed:
    hackage: cereal-text-0.1.0.2@sha256:dc10e00d9e5047d16a129682aac42c95da188d22e9f85856add051b9ace539c3,1349
    pantry-tree:
      sha256: 6550c7b0a17f1f1c2e0f01d9c179f30475e82983c622a4bc0643d1ce7c53f8e2
      size: 265
  original:
    hackage: cereal-text-0.1.0.2
- completed:
    hackage: fullstop-0.1.4@sha256:80a3e382ef53551bb936e7da8b2825621df0ea169af1212debcb0a90010b30c8,2044
    pantry-tree:
      sha256: 781a9ac79acea598881e6f89f6786ba71fa129cf7031f1bdfae036b0638a54ca
      size: 450
  original:
    hackage: fullstop-0.1.4
- completed:
    hackage: tokenize-0.3.0@sha256:73e4e845359ff60e51d30f3c33b751ced1076fac5e6640243463795260172ee0,2256
    pantry-tree:
      sha256: 9d3349fd6c99072d48683d133d79bb421ac7ad99d365d41900d33edc5eeab727
      size: 402
  original:
    hackage: tokenize-0.3.0
- completed:
    commit: a6352c07388493a08fbd1c07c3b41962ee811624
    git: https://github.com/bingis-khan/mboxf.git
    name: mbox
    pantry-tree:
      sha256: a004e312f179a20190d1b1baaf9ae7fdd1af93895ca1e890d4c6d0907106641e
      size: 513
    version: 0.3.4
  original:
    commit: a6352c07388493a08fbd1c07c3b41962ee811624
    git: https://github.com/bingis-khan/mboxf.git
snapshots:
- completed:
    sha256: 97710f56bf093fca0ee5d8dbe19d96b654c752e405b66795b4baedd84a794c60
    size: 640010
    url: https://raw.githubusercontent.com/commercialhaskell/stackage-snapshots/master/lts/21/3.yaml
  original: lts-21.3
